
Microsoft Visual Studio Solution File, Format Version 12.00
# Visual Studio Version 17
VisualStudioVersion = 17.5.002.0
MinimumVisualStudioVersion = 10.0.40219.1
Project("{9A19103F-16F7-4668-BE54-9A1E7A4F7556}") = "Criptografia_navio", "Criptografia_navio.csproj", "{2B33B8B1-8640-4633-94F4-8D7B1EB84F39}"
EndProject
Global
	GlobalSection(SolutionConfigurationPlatforms) = preSolution
		Debug|Any CPU = Debug|Any CPU
		Release|Any CPU = Release|Any CPU
	EndGlobalSection
	GlobalSection(ProjectConfigurationPlatforms) = postSolution
		{2B33B8B1-8640-4633-94F4-8D7B1EB84F39}.Debug|Any CPU.ActiveCfg = Debug|Any CPU
		{2B33B8B1-8640-4633-94F4-8D7B1EB84F39}.Debug|Any CPU.Build.0 = Debug|Any CPU
		{2B33B8B1-8640-4633-94F4-8D7B1EB84F39}.Release|Any CPU.ActiveCfg = Release|Any CPU
		{2B33B8B1-8640-4633-94F4-8D7B1EB84F39}.Release|Any CPU.Build.0 = Release|Any CPU
	EndGlobalSection
	GlobalSection(SolutionProperties) = preSolution
		HideSolutionNode = FALSE
	EndGlobalSection
	GlobalSection(ExtensibilityGlobals) = postSolution
		SolutionGuid = {67B50D07-9AFB-4174-9116-BB18EE02648F}
	EndGlobalSection
EndGlobal
